
Microsoft Visual Studio Solution File, Format Version 12.00
# Visual Studio Version 17
VisualStudioVersion = 17.14.36221.1 d17.14
MinimumVisualStudioVersion = 10.0.40219.1
Project("{FAE04EC0-301F-11D3-BF4B-00C04F79EFBC}") = "ControleFinanceiro.API", "ControleFinanceiro.API\ControleFinanceiro.API.csproj", "{911F5B18-F12C-437D-89F7-6AA017180D1A}"
EndProject
Global
	GlobalSection(SolutionConfigurationPlatforms) = preSolution
		Debug|Any CPU = Debug|Any CPU
		Release|Any CPU = Release|Any CPU
	EndGlobalSection
	GlobalSection(ProjectConfigurationPlatforms) = postSolution
		{911F5B18-F12C-437D-89F7-6AA017180D1A}.Debug|Any CPU.ActiveCfg = Debug|Any CPU
		{911F5B18-F12C-437D-89F7-6AA017180D1A}.Debug|Any CPU.Build.0 = Debug|Any CPU
		{911F5B18-F12C-437D-89F7-6AA017180D1A}.Release|Any CPU.ActiveCfg = Release|Any CPU
		{911F5B18-F12C-437D-89F7-6AA017180D1A}.Release|Any CPU.Build.0 = Release|Any CPU
	EndGlobalSection
	GlobalSection(SolutionProperties) = preSolution
		HideSolutionNode = FALSE
	EndGlobalSection
	GlobalSection(ExtensibilityGlobals) = postSolution
		SolutionGuid = {A3995D5E-F913-4534-AB3A-9452840DFFC7}
	EndGlobalSection
EndGlobal
